
Microsoft Visual Studio Solution File, Format Version 12.00
# Visual Studio Version 17
VisualStudioVersion = 17.14.36414.22 d17.14
MinimumVisualStudioVersion = 10.0.40219.1
Project("{FAE04EC0-301F-11D3-BF4B-00C04F79EFBC}") = "OrderTracker", "OrderTracker.csproj", "{CBD38DED-237B-40F6-8997-43CE69FDD180}"
EndProject
Global
	GlobalSection(SolutionConfigurationPlatforms) = preSolution
		Debug|Any CPU = Debug|Any CPU
		Release|Any CPU = Release|Any CPU
	EndGlobalSection
	GlobalSection(ProjectConfigurationPlatforms) = postSolution
		{CBD38DED-237B-40F6-8997-43CE69FDD180}.Debug|Any CPU.ActiveCfg = Debug|Any CPU
		{CBD38DED-237B-40F6-8997-43CE69FDD180}.Debug|Any CPU.Build.0 = Debug|Any CPU
		{CBD38DED-237B-40F6-8997-43CE69FDD180}.Release|Any CPU.ActiveCfg = Release|Any CPU
		{CBD38DED-237B-40F6-8997-43CE69FDD180}.Release|Any CPU.Build.0 = Release|Any CPU
	EndGlobalSection
	GlobalSection(SolutionProperties) = preSolution
		HideSolutionNode = FALSE
	EndGlobalSection
	GlobalSection(ExtensibilityGlobals) = postSolution
		SolutionGuid = {7D48CE25-402B-419E-8901-A7C952BA30EF}
	EndGlobalSection
EndGlobal
